// !$*UTF8*$!
{
	archiveVersion = 1;
	classes = {
	};
	objectVersion = 50;
	objects = {

/* Begin PBXBuildFile section */
		96BD9D18226DE82F006EBB01 /* AppDelegate.m in Sources */ = {isa = PBXBuildFile; fileRef = 96BD9D17226DE82F006EBB01 /* AppDelegate.m */; };
		96BD9D1B226DE82F006EBB01 /* ViewController.m in Sources */ = {isa = PBXBuildFile; fileRef = 96BD9D1A226DE82F006EBB01 /* ViewController.m */; };
		96BD9D1E226DE82F006EBB01 /* Main.storyboard in Resources */ = {isa = PBXBuildFile; fileRef = 96BD9D1C226DE82F006EBB01 /* Main.storyboard */; };
		96BD9D20226DE831006EBB01 /* Assets.xcassets in Resources */ = {isa = PBXBuildFile; fileRef = 96BD9D1F226DE831006EBB01 /* Assets.xcassets */; };
		96BD9D23226DE831006EBB01 /* LaunchScreen.storyboard in Resources */ = {isa = PBXBuildFile; fileRef = 96BD9D21226DE831006EBB01 /* LaunchScreen.storyboard */; };
		96BD9D26226DE831006EBB01 /* main.m in Sources */ = {isa = PBXBuildFile; fileRef = 96BD9D25226DE831006EBB01 /* main.m */; };
		96BD9D30226DE831006EBB01 /* RunloopTests.m in Sources */ = {isa = PBXBuildFile; fileRef = 96BD9D2F226DE831006EBB01 /* RunloopTests.m */; };
		96BD9D3B226DE831006EBB01 /* RunloopUITests.m in Sources */ = {isa = PBXBuildFile; fileRef = 96BD9D3A226DE831006EBB01 /* RunloopUITests.m */; };
		96BD9D4A226DE944006EBB01 /* NSRunLoop+Hook.m in Sources */ = {isa = PBXBuildFile; fileRef = 96BD9D49226DE944006EBB01 /* NSRunLoop+Hook.m */; };
/* End PBXBuildFile section */

/* Begin PBXContainerItemProxy section */
		96BD9D2C226DE831006EBB01 /* PBXContainerItemProxy */ = {
			isa = PBXContainerItemProxy;
			containerPortal = 96BD9D0B226DE82F006EBB01 /* Project object */;
			proxyType = 1;
			remoteGlobalIDString = 96BD9D12226DE82F006EBB01;
			remoteInfo = Runloop;
		};
		96BD9D37226DE831006EBB01 /* PBXContainerItemProxy */ = {
			isa = PBXContainerItemProxy;
			containerPortal = 96BD9D0B226DE82F006EBB01 /* Project object */;
			proxyType = 1;
			remoteGlobalIDString = 96BD9D12226DE82F006EBB01;
			remoteInfo = Runloop;
		};
/* End PBXContainerItemProxy section */

/* Begin PBXFileReference section */
		96BD9D13226DE82F006EBB01 /* Runloop.app */ = {isa = PBXFileReference; explicitFileType = wrapper.application; includeInIndex = 0; path = Runloop.app; sourceTree = BUILT_PRODUCTS_DIR; };
		96BD9D16226DE82F006EBB01 /* AppDelegate.h */ = {isa = PBXFileReference; lastKnownFileType = sourcecode.c.h; path = AppDelegate.h; sourceTree = "<group>"; };
		96BD9D17226DE82F006EBB01 /* AppDelegate.m */ = {isa = PBXFileReference; lastKnownFileType = sourcecode.c.objc; path = AppDelegate.m; sourceTree = "<group>"; };
		96BD9D19226DE82F006EBB01 /* ViewController.h */ = {isa = PBXFileReference; lastKnownFileType = sourcecode.c.h; path = ViewController.h; sourceTree = "<group>"; };
		96BD9D1A226DE82F006EBB01 /* ViewController.m */ = {isa = PBXFileReference; lastKnownFileType = sourcecode.c.objc; path = ViewController.m; sourceTree = "<group>"; };
		96BD9D1D226DE82F006EBB01 /* Base */ = {isa = PBXFileReference; lastKnownFileType = file.storyboard; name = Base; path = Base.lproj/Main.storyboard; sourceTree = "<group>"; };
		96BD9D1F226DE831006EBB01 /* Assets.xcassets */ = {isa = PBXFileReference; lastKnownFileType = folder.assetcatalog; path = Assets.xcassets; sourceTree = "<group>"; };
		96BD9D22226DE831006EBB01 /* Base */ = {isa = PBXFileReference; lastKnownFileType = file.storyboard; name = Base; path = Base.lproj/LaunchScreen.storyboard; sourceTree = "<group>"; };
		96BD9D24226DE831006EBB01 /* Info.plist */ = {isa = PBXFileReference; lastKnownFileType = text.plist.xml; path = Info.plist; sourceTree = "<group>"; };
		96BD9D25226DE831006EBB01 /* main.m */ = {isa = PBXFileReference; lastKnownFileType = sourcecode.c.objc; path = main.m; sourceTree = "<group>"; };
		96BD9D2B226DE831006EBB01 /* RunloopTests.xctest */ = {isa = PBXFileReference; explicitFileType = wrapper.cfbundle; includeInIndex = 0; path = RunloopTests.xctest; sourceTree = BUILT_PRODUCTS_DIR; };
		96BD9D2F226DE831006EBB01 /* RunloopTests.m */ = {isa = PBXFileReference; lastKnownFileType = sourcecode.c.objc; path = RunloopTests.m; sourceTree = "<group>"; };
		96BD9D31226DE831006EBB01 /* Info.plist */ = {isa = PBXFileReference; lastKnownFileType = text.plist.xml; path = Info.plist; sourceTree = "<group>"; };
		96BD9D36226DE831006EBB01 /* RunloopUITests.xctest */ = {isa = PBXFileReference; explicitFileType = wrapper.cfbundle; includeInIndex = 0; path = RunloopUITests.xctest; sourceTree = BUILT_PRODUCTS_DIR; };
		96BD9D3A226DE831006EBB01 /* RunloopUITests.m */ = {isa = PBXFileReference; lastKnownFileType = sourcecode.c.objc; path = RunloopUITests.m; sourceTree = "<group>"; };
		96BD9D3C226DE831006EBB01 /* Info.plist */ = {isa = PBXFileReference; lastKnownFileType = text.plist.xml; path = Info.plist; sourceTree = "<group>"; };
		96BD9D48226DE944006EBB01 /* NSRunLoop+Hook.h */ = {isa = PBXFileReference; lastKnownFileType = sourcecode.c.h; path = "NSRunLoop+Hook.h"; sourceTree = "<group>"; };
		96BD9D49226DE944006EBB01 /* NSRunLoop+Hook.m */ = {isa = PBXFileReference; lastKnownFileType = sourcecode.c.objc; path = "NSRunLoop+Hook.m"; sourceTree = "<group>"; };
/* End PBXFileReference section */

/* Begin PBXFrameworksBuildPhase section */
		96BD9D10226DE82F006EBB01 /* Frameworks */ = {
			isa = PBXFrameworksBuildPhase;
			buildActionMask = 2147483647;
			files = (
			);
			runOnlyForDeploymentPostprocessing = 0;
		};
		96BD9D28226DE831006EBB01 /* Frameworks */ = {
			isa = PBXFrameworksBuildPhase;
			buildActionMask = 2147483647;
			files = (
			);
			runOnlyForDeploymentPostprocessing = 0;
		};
		96BD9D33226DE831006EBB01 /* Frameworks */ = {
			isa = PBXFrameworksBuildPhase;
			buildActionMask = 2147483647;
			files = (
			);
			runOnlyForDeploymentPostprocessing = 0;
		};
/* End PBXFrameworksBuildPhase section */

/* Begin PBXGroup section */
		96BD9D0A226DE82F006EBB01 = {
			isa = PBXGroup;
			children = (
				96BD9D15226DE82F006EBB01 /* Runloop */,
				96BD9D2E226DE831006EBB01 /* RunloopTests */,
				96BD9D39226DE831006EBB01 /* RunloopUITests */,
				96BD9D14226DE82F006EBB01 /* Products */,
			);
			sourceTree = "<group>";
		};
		96BD9D14226DE82F006EBB01 /* Products */ = {
			isa = PBXGroup;
			children = (
				96BD9D13226DE82F006EBB01 /* Runloop.app */,
				96BD9D2B226DE831006EBB01 /* RunloopTests.xctest */,
				96BD9D36226DE831006EBB01 /* RunloopUITests.xctest */,
			);
			name = Products;
			sourceTree = "<group>";
		};
		96BD9D15226DE82F006EBB01 /* Runloop */ = {
			isa = PBXGroup;
			children = (
				96BD9D16226DE82F006EBB01 /* AppDelegate.h */,
				96BD9D17226DE82F006EBB01 /* AppDelegate.m */,
				96BD9D19226DE82F006EBB01 /* ViewController.h */,
				96BD9D1A226DE82F006EBB01 /* ViewController.m */,
				96BD9D1C226DE82F006EBB01 /* Main.storyboard */,
				96BD9D48226DE944006EBB01 /* NSRunLoop+Hook.h */,
				96BD9D49226DE944006EBB01 /* NSRunLoop+Hook.m */,
				96BD9D1F226DE831006EBB01 /* Assets.xcassets */,
				96BD9D21226DE831006EBB01 /* LaunchScreen.storyboard */,
				96BD9D24226DE831006EBB01 /* Info.plist */,
				96BD9D25226DE831006EBB01 /* main.m */,
			);
			path = Runloop;
			sourceTree = "<group>";
		};
		96BD9D2E226DE831006EBB01 /* RunloopTests */ = {
			isa = PBXGroup;
			children = (
				96BD9D2F226DE831006EBB01 /* RunloopTests.m */,
				96BD9D31226DE831006EBB01 /* Info.plist */,
			);
			path = RunloopTests;
			sourceTree = "<group>";
		};
		96BD9D39226DE831006EBB01 /* RunloopUITests */ = {
			isa = PBXGroup;
			children = (
				96BD9D3A226DE831006EBB01 /* RunloopUITests.m */,
				96BD9D3C226DE831006EBB01 /* Info.plist */,
			);
			path = RunloopUITests;
			sourceTree = "<group>";
		};
/* End PBXGroup section */

/* Begin PBXNativeTarget section */
		96BD9D12226DE82F006EBB01 /* Runloop */ = {
			isa = PBXNativeTarget;
			buildConfigurationList = 96BD9D3F226DE831006EBB01 /* Build configuration list for PBXNativeTarget "Runloop" */;
			buildPhases = (
				96BD9D0F226DE82F006EBB01 /* Sources */,
				96BD9D10226DE82F006EBB01 /* Frameworks */,
				96BD9D11226DE82F006EBB01 /* Resources */,
			);
			buildRules = (
			);
			dependencies = (
			);
			name = Runloop;
			productName = Runloop;
			productReference = 96BD9D13226DE82F006EBB01 /* Runloop.app */;
			productType = "com.apple.product-type.application";
		};
		96BD9D2A226DE831006EBB01 /* RunloopTests */ = {
			isa = PBXNativeTarget;
			buildConfigurationList = 96BD9D42226DE831006EBB01 /* Build configuration list for PBXNativeTarget "RunloopTests" */;
			buildPhases = (
				96BD9D27226DE831006EBB01 /* Sources */,
				96BD9D28226DE831006EBB01 /* Frameworks */,
				96BD9D29226DE831006EBB01 /* Resources */,
			);
			buildRules = (
			);
			dependencies = (
				96BD9D2D226DE831006EBB01 /* PBXTargetDependency */,
			);
			name = RunloopTests;
			productName = RunloopTests;
			productReference = 96BD9D2B226DE831006EBB01 /* RunloopTests.xctest */;
			productType = "com.apple.product-type.bundle.unit-test";
		};
		96BD9D35226DE831006EBB01 /* RunloopUITests */ = {
			isa = PBXNativeTarget;
			buildConfigurationList = 96BD9D45226DE831006EBB01 /* Build configuration list for PBXNativeTarget "RunloopUITests" */;
			buildPhases = (
				96BD9D32226DE831006EBB01 /* Sources */,
				96BD9D33226DE831006EBB01 /* Frameworks */,
				96BD9D34226DE831006EBB01 /* Resources */,
			);
			buildRules = (
			);
			dependencies = (
				96BD9D38226DE831006EBB01 /* PBXTargetDependency */,
			);
			name = RunloopUITests;
			productName = RunloopUITests;
			productReference = 96BD9D36226DE831006EBB01 /* RunloopUITests.xctest */;
			productType = "com.apple.product-type.bundle.ui-testing";
		};
/* End PBXNativeTarget section */

/* Begin PBXProject section */
		96BD9D0B226DE82F006EBB01 /* Project object */ = {
			isa = PBXProject;
			attributes = {
				LastUpgradeCheck = 1010;
				ORGANIZATIONNAME = xiaomi;
				TargetAttributes = {
					96BD9D12226DE82F006EBB01 = {
						CreatedOnToolsVersion = 10.1;
					};
					96BD9D2A226DE831006EBB01 = {
						CreatedOnToolsVersion = 10.1;
						TestTargetID = 96BD9D12226DE82F006EBB01;
					};
					96BD9D35226DE831006EBB01 = {
						CreatedOnToolsVersion = 10.1;
						TestTargetID = 96BD9D12226DE82F006EBB01;
					};
				};
			};
			buildConfigurationList = 96BD9D0E226DE82F006EBB01 /* Build configuration list for PBXProject "Runloop" */;
			compatibilityVersion = "Xcode 9.3";
			developmentRegion = en;
			hasScannedForEncodings = 0;
			knownRegions = (
				en,
				Base,
			);
			mainGroup = 96BD9D0A226DE82F006EBB01;
			productRefGroup = 96BD9D14226DE82F006EBB01 /* Products */;
			projectDirPath = "";
			projectRoot = "";
			targets = (
				96BD9D12226DE82F006EBB01 /* Runloop */,
				96BD9D2A226DE831006EBB01 /* RunloopTests */,
				96BD9D35226DE831006EBB01 /* RunloopUITests */,
			);
		};
/* End PBXProject section */

/* Begin PBXResourcesBuildPhase section */
		96BD9D11226DE82F006EBB01 /* Resources */ = {
			isa = PBXResourcesBuildPhase;
			buildActionMask = 2147483647;
			files = (
				96BD9D23226DE831006EBB01 /* LaunchScreen.storyboard in Resources */,
				96BD9D20226DE831006EBB01 /* Assets.xcassets in Resources */,
				96BD9D1E226DE82F006EBB01 /* Main.storyboard in Resources */,
			);
			runOnlyForDeploymentPostprocessing = 0;
		};
		96BD9D29226DE831006EBB01 /* Resources */ = {
			isa = PBXResourcesBuildPhase;
			buildActionMask = 2147483647;
			files = (
			);
			runOnlyForDeploymentPostprocessing = 0;
		};
		96BD9D34226DE831006EBB01 /* Resources */ = {
			isa = PBXResourcesBuildPhase;
			buildActionMask = 2147483647;
			files = (
			);
			runOnlyForDeploymentPostprocessing = 0;
		};
/* End PBXResourcesBuildPhase section */

/* Begin PBXSourcesBuildPhase section */
		96BD9D0F226DE82F006EBB01 /* Sources */ = {
			isa = PBXSourcesBuildPhase;
			buildActionMask = 2147483647;
			files = (
				96BD9D1B226DE82F006EBB01 /* ViewController.m in Sources */,
				96BD9D26226DE831006EBB01 /* main.m in Sources */,
				96BD9D18226DE82F006EBB01 /* AppDelegate.m in Sources */,
				96BD9D4A226DE944006EBB01 /* NSRunLoop+Hook.m in Sources */,
			);
			runOnlyForDeploymentPostprocessing = 0;
		};
		96BD9D27226DE831006EBB01 /* Sources */ = {
			isa = PBXSourcesBuildPhase;
			buildActionMask = 2147483647;
			files = (
				96BD9D30226DE831006EBB01 /* RunloopTests.m in Sources */,
			);
			runOnlyForDeploymentPostprocessing = 0;
		};
		96BD9D32226DE831006EBB01 /* Sources */ = {
			isa = PBXSourcesBuildPhase;
			buildActionMask = 2147483647;
			files = (
				96BD9D3B226DE831006EBB01 /* RunloopUITests.m in Sources */,
			);
			runOnlyForDeploymentPostprocessing = 0;
		};
/* End PBXSourcesBuildPhase section */

/* Begin PBXTargetDependency section */
		96BD9D2D226DE831006EBB01 /* PBXTargetDependency */ = {
			isa = PBXTargetDependency;
			target = 96BD9D12226DE82F006EBB01 /* Runloop */;
			targetProxy = 96BD9D2C226DE831006EBB01 /* PBXContainerItemProxy */;
		};
		96BD9D38226DE831006EBB01 /* PBXTargetDependency */ = {
			isa = PBXTargetDependency;
			target = 96BD9D12226DE82F006EBB01 /* Runloop */;
			targetProxy = 96BD9D37226DE831006EBB01 /* PBXContainerItemProxy */;
		};
/* End PBXTargetDependency section */

/* Begin PBXVariantGroup section */
		96BD9D1C226DE82F006EBB01 /* Main.storyboard */ = {
			isa = PBXVariantGroup;
			children = (
				96BD9D1D226DE82F006EBB01 /* Base */,
			);
			name = Main.storyboard;
			sourceTree = "<group>";
		};
		96BD9D21226DE831006EBB01 /* LaunchScreen.storyboard */ = {
			isa = PBXVariantGroup;
			children = (
				96BD9D22226DE831006EBB01 /* Base */,
			);
			name = LaunchScreen.storyboard;
			sourceTree = "<group>";
		};
/* End PBXVariantGroup section */

/* Begin XCBuildConfiguration section */
		96BD9D3D226DE831006EBB01 /* Debug */ = {
			isa = XCBuildConfiguration;
			buildSettings = {
				ALWAYS_SEARCH_USER_PATHS = NO;
				CLANG_ANALYZER_NONNULL = YES;
				CLANG_ANALYZER_NUMBER_OBJECT_CONVERSION = YES_AGGRESSIVE;
				CLANG_CXX_LANGUAGE_STANDARD = "gnu++14";
				CLANG_CXX_LIBRARY = "libc++";
				CLANG_ENABLE_MODULES = YES;
				CLANG_ENABLE_OBJC_ARC = YES;
				CLANG_ENABLE_OBJC_WEAK = YES;
				CLANG_WARN_BLOCK_CAPTURE_AUTORELEASING = YES;
				CLANG_WARN_BOOL_CONVERSION = YES;
				CLANG_WARN_COMMA = YES;
				CLANG_WARN_CONSTANT_CONVERSION = YES;
				CLANG_WARN_DEPRECATED_OBJC_IMPLEMENTATIONS = YES;
				CLANG_WARN_DIRECT_OBJC_ISA_USAGE = YES_ERROR;
				CLANG_WARN_DOCUMENTATION_COMMENTS = YES;
				CLANG_WARN_EMPTY_BODY = YES;
				CLANG_WARN_ENUM_CONVERSION = YES;
				CLANG_WARN_INFINITE_RECURSION = YES;
				CLANG_WARN_INT_CONVERSION = YES;
				CLANG_WARN_NON_LITERAL_NULL_CONVERSION = YES;
				CLANG_WARN_OBJC_IMPLICIT_RETAIN_SELF = YES;
				CLANG_WARN_OBJC_LITERAL_CONVERSION = YES;
				CLANG_WARN_OBJC_ROOT_CLASS = YES_ERROR;
				CLANG_WARN_RANGE_LOOP_ANALYSIS = YES;
				CLANG_WARN_STRICT_PROTOTYPES = YES;
				CLANG_WARN_SUSPICIOUS_MOVE = YES;
				CLANG_WARN_UNGUARDED_AVAILABILITY = YES_AGGRESSIVE;
				CLANG_WARN_UNREACHABLE_CODE = YES;
				CLANG_WARN__DUPLICATE_METHOD_MATCH = YES;
				CODE_SIGN_IDENTITY = "iPhone Developer";
				COPY_PHASE_STRIP = NO;
				DEBUG_INFORMATION_FORMAT = dwarf;
				ENABLE_STRICT_OBJC_MSGSEND = YES;
				ENABLE_TESTABILITY = YES;
				GCC_C_LANGUAGE_STANDARD = gnu11;
				GCC_DYNAMIC_NO_PIC = NO;
				GCC_NO_COMMON_BLOCKS = YES;
				GCC_OPTIMIZATION_LEVEL = 0;
				GCC_PREPROCESSOR_DEFINITIONS = (
					"DEBUG=1",
					"$(inherited)",
				);
				GCC_WARN_64_TO_32_BIT_CONVERSION = YES;
				GCC_WARN_ABOUT_RETURN_TYPE = YES_ERROR;
				GCC_WARN_UNDECLARED_SELECTOR = YES;
				GCC_WARN_UNINITIALIZED_AUTOS = YES_AGGRESSIVE;
				GCC_WARN_UNUSED_FUNCTION = YES;
				GCC_WARN_UNUSED_VARIABLE = YES;
				IPHONEOS_DEPLOYMENT_TARGET = 12.1;
				MTL_ENABLE_DEBUG_INFO = INCLUDE_SOURCE;
				MTL_FAST_MATH = YES;
				ONLY_ACTIVE_ARCH = YES;
				SDKROOT = iphoneos;
			};
			name = Debug;
		};
		96BD9D3E226DE831006EBB01 /* Release */ = {
			isa = XCBuildConfiguration;
			buildSettings = {
				ALWAYS_SEARCH_USER_PATHS = NO;
				CLANG_ANALYZER_NONNULL = YES;
				CLANG_ANALYZER_NUMBER_OBJECT_CONVERSION = YES_AGGRESSIVE;
				CLANG_CXX_LANGUAGE_STANDARD = "gnu++14";
				CLANG_CXX_LIBRARY = "libc++";
				CLANG_ENABLE_MODULES = YES;
				CLANG_ENABLE_OBJC_ARC = YES;
				CLANG_ENABLE_OBJC_WEAK = YES;
				CLANG_WARN_BLOCK_CAPTURE_AUTORELEASING = YES;
				CLANG_WARN_BOOL_CONVERSION = YES;
				CLANG_WARN_COMMA = YES;
				CLANG_WARN_CONSTANT_CONVERSION = YES;
				CLANG_WARN_DEPRECATED_OBJC_IMPLEMENTATIONS = YES;
				CLANG_WARN_DIRECT_OBJC_ISA_USAGE = YES_ERROR;
				CLANG_WARN_DOCUMENTATION_COMMENTS = YES;
				CLANG_WARN_EMPTY_BODY = YES;
				CLANG_WARN_ENUM_CONVERSION = YES;
				CLANG_WARN_INFINITE_RECURSION = YES;
				CLANG_WARN_INT_CONVERSION = YES;
				CLANG_WARN_NON_LITERAL_NULL_CONVERSION = YES;
				CLANG_WARN_OBJC_IMPLICIT_RETAIN_SELF = YES;
				CLANG_WARN_OBJC_LITERAL_CONVERSION = YES;
				CLANG_WARN_OBJC_ROOT_CLASS = YES_ERROR;
				CLANG_WARN_RANGE_LOOP_ANALYSIS = YES;
				CLANG_WARN_STRICT_PROTOTYPES = YES;
				CLANG_WARN_SUSPICIOUS_MOVE = YES;
				CLANG_WARN_UNGUARDED_AVAILABILITY = YES_AGGRESSIVE;
				CLANG_WARN_UNREACHABLE_CODE = YES;
				CLANG_WARN__DUPLICATE_METHOD_MATCH = YES;
				CODE_SIGN_IDENTITY = "iPhone Developer";
				COPY_PHASE_STRIP = NO;
				DEBUG_INFORMATION_FORMAT = "dwarf-with-dsym";
				ENABLE_NS_ASSERTIONS = NO;
				ENABLE_STRICT_OBJC_MSGSEND = YES;
				GCC_C_LANGUAGE_STANDARD = gnu11;
				GCC_NO_COMMON_BLOCKS = YES;
				GCC_WARN_64_TO_32_BIT_CONVERSION = YES;
				GCC_WARN_ABOUT_RETURN_TYPE = YES_ERROR;
				GCC_WARN_UNDECLARED_SELECTOR = YES;
				GCC_WARN_UNINITIALIZED_AUTOS = YES_AGGRESSIVE;
				GCC_WARN_UNUSED_FUNCTION = YES;
				GCC_WARN_UNUSED_VARIABLE = YES;
				IPHONEOS_DEPLOYMENT_TARGET = 12.1;
				MTL_ENABLE_DEBUG_INFO = NO;
				MTL_FAST_MATH = YES;
				SDKROOT = iphoneos;
				VALIDATE_PRODUCT = YES;
			};
			name = Release;
		};
		96BD9D40226DE831006EBB01 /* Debug */ = {
			isa = XCBuildConfiguration;
			buildSettings = {
				ASSETCATALOG_COMPILER_APPICON_NAME = AppIcon;
				CODE_SIGN_STYLE = Automatic;
				DEVELOPMENT_TEAM = 3659NHFYK4;
				INFOPLIST_FILE = Runloop/Info.plist;
				LD_RUNPATH_SEARCH_PATHS = (
					"$(inherited)",
					"@executable_path/Frameworks",
				);
				PRODUCT_BUNDLE_IDENTIFIER = cn.hehe.iphone.Runloop;
				PRODUCT_NAME = "$(TARGET_NAME)";
				TARGETED_DEVICE_FAMILY = "1,2";
			};
			name = Debug;
		};
		96BD9D41226DE831006EBB01 /* Release */ = {
			isa = XCBuildConfiguration;
			buildSettings = {
				ASSETCATALOG_COMPILER_APPICON_NAME = AppIcon;
				CODE_SIGN_STYLE = Automatic;
				DEVELOPMENT_TEAM = 3659NHFYK4;
				INFOPLIST_FILE = Runloop/Info.plist;
				LD_RUNPATH_SEARCH_PATHS = (
					"$(inherited)",
					"@executable_path/Frameworks",
				);
				PRODUCT_BUNDLE_IDENTIFIER = cn.hehe.iphone.Runloop;
				PRODUCT_NAME = "$(TARGET_NAME)";
				TARGETED_DEVICE_FAMILY = "1,2";
			};
			name = Release;
		};
		96BD9D43226DE831006EBB01 /* Debug */ = {
			isa = XCBuildConfiguration;
			buildSettings = {
				BUNDLE_LOADER = "$(TEST_HOST)";
				CODE_SIGN_STYLE = Automatic;
				DEVELOPMENT_TEAM = 3659NHFYK4;
				INFOPLIST_FILE = RunloopTests/Info.plist;
				LD_RUNPATH_SEARCH_PATHS = (
					"$(inherited)",
					"@executable_path/Frameworks",
					"@loader_path/Frameworks",
				);
				PRODUCT_BUNDLE_IDENTIFIER = cn.hehe.iphone.RunloopTests;
				PRODUCT_NAME = "$(TARGET_NAME)";
				TARGETED_DEVICE_FAMILY = "1,2";
				TEST_HOST = "$(BUILT_PRODUCTS_DIR)/Runloop.app/Runloop";
			};
			name = Debug;
		};
		96BD9D44226DE831006EBB01 /* Release */ = {
			isa = XCBuildConfiguration;
			buildSettings = {
				BUNDLE_LOADER = "$(TEST_HOST)";
				CODE_SIGN_STYLE = Automatic;
				DEVELOPMENT_TEAM = 3659NHFYK4;
				INFOPLIST_FILE = RunloopTests/Info.plist;
				LD_RUNPATH_SEARCH_PATHS = (
					"$(inherited)",
					"@executable_path/Frameworks",
					"@loader_path/Frameworks",
				);
				PRODUCT_BUNDLE_IDENTIFIER = cn.hehe.iphone.RunloopTests;
				PRODUCT_NAME = "$(TARGET_NAME)";
				TARGETED_DEVICE_FAMILY = "1,2";
				TEST_HOST = "$(BUILT_PRODUCTS_DIR)/Runloop.app/Runloop";
			};
			name = Release;
		};
		96BD9D46226DE831006EBB01 /* Debug */ = {
			isa = XCBuildConfiguration;
			buildSettings = {
				CODE_SIGN_STYLE = Automatic;
				DEVELOPMENT_TEAM = 3659NHFYK4;
				INFOPLIST_FILE = RunloopUITests/Info.plist;
				LD_RUNPATH_SEARCH_PATHS = (
					"$(inherited)",
					"@executable_path/Frameworks",
					"@loader_path/Frameworks",
				);
				PRODUCT_BUNDLE_IDENTIFIER = cn.hehe.iphone.RunloopUITests;
				PRODUCT_NAME = "$(TARGET_NAME)";
				TARGETED_DEVICE_FAMILY = "1,2";
				TEST_TARGET_NAME = Runloop;
			};
			name = Debug;
		};
		96BD9D47226DE831006EBB01 /* Release */ = {
			isa = XCBuildConfiguration;
			buildSettings = {
				CODE_SIGN_STYLE = Automatic;
				DEVELOPMENT_TEAM = 3659NHFYK4;
				INFOPLIST_FILE = RunloopUITests/Info.plist;
				LD_RUNPATH_SEARCH_PATHS = (
					"$(inherited)",
					"@executable_path/Frameworks",
					"@loader_path/Frameworks",
				);
				PRODUCT_BUNDLE_IDENTIFIER = cn.hehe.iphone.RunloopUITests;
				PRODUCT_NAME = "$(TARGET_NAME)";
				TARGETED_DEVICE_FAMILY = "1,2";
				TEST_TARGET_NAME = Runloop;
			};
			name = Release;
		};
/* End XCBuildConfiguration section */

/* Begin XCConfigurationList section */
		96BD9D0E226DE82F006EBB01 /* Build configuration list for PBXProject "Runloop" */ = {
			isa = XCConfigurationList;
			buildConfigurations = (
				96BD9D3D226DE831006EBB01 /* Debug */,
				96BD9D3E226DE831006EBB01 /* Release */,
			);
			defaultConfigurationIsVisible = 0;
			defaultConfigurationName = Release;
		};
		96BD9D3F226DE831006EBB01 /* Build configuration list for PBXNativeTarget "Runloop" */ = {
			isa = XCConfigurationList;
			buildConfigurations = (
				96BD9D40226DE831006EBB01 /* Debug */,
				96BD9D41226DE831006EBB01 /* Release */,
			);
			defaultConfigurationIsVisible = 0;
			defaultConfigurationName = Release;
		};
		96BD9D42226DE831006EBB01 /* Build configuration list for PBXNativeTarget "RunloopTests" */ = {
			isa = XCConfigurationList;
			buildConfigurations = (
				96BD9D43226DE831006EBB01 /* Debug */,
				96BD9D44226DE831006EBB01 /* Release */,
			);
			defaultConfigurationIsVisible = 0;
			defaultConfigurationName = Release;
		};
		96BD9D45226DE831006EBB01 /* Build configuration list for PBXNativeTarget "RunloopUITests" */ = {
			isa = XCConfigurationList;
			buildConfigurations = (
				96BD9D46226DE831006EBB01 /* Debug */,
				96BD9D47226DE831006EBB01 /* Release */,
			);
			defaultConfigurationIsVisible = 0;
			defaultConfigurationName = Release;
		};
/* End XCConfigurationList section */
	};
	rootObject = 96BD9D0B226DE82F006EBB01 /* Project object */;
}
